// !$*UTF8*$!
{
	archiveVersion = 1;
	classes = {
	};
	objectVersion = 52;
	objects = {

/* Begin PBXBuildFile section */
		F0D5970725681CCE0099ACAF /* main.swift in Sources */ = {isa = PBXBuildFile; fileRef = F0D5970625681CCE0099ACAF /* main.swift */; };
		F0D5971025681D390099ACAF /* FlatBuffers in Frameworks */ = {isa = PBXBuildFile; productRef = F0D5970F25681D390099ACAF /* FlatBuffers */; };
		F0D5971F256829EB0099ACAF /* bankAccountDefinition_generated.swift in Sources */ = {isa = PBXBuildFile; fileRef = F0D5971E256829EB0099ACAF /* bankAccountDefinition_generated.swift */; };
/* End PBXBuildFile section */

/* Begin PBXCopyFilesBuildPhase section */
		F0D5970125681CCE0099ACAF /* CopyFiles */ = {
			isa = PBXCopyFilesBuildPhase;
			buildActionMask = 2147483647;
			dstPath = /usr/share/man/man1/;
			dstSubfolderSpec = 0;
			files = (
			);
			runOnlyForDeploymentPostprocessing = 1;
		};
/* End PBXCopyFilesBuildPhase section */

/* Begin PBXFileReference section */
		F0D5970325681CCE0099ACAF /* BankAccountSwift */ = {isa = PBXFileReference; explicitFileType = "compiled.mach-o.executable"; includeInIndex = 0; path = BankAccountSwift; sourceTree = BUILT_PRODUCTS_DIR; };
		F0D5970625681CCE0099ACAF /* main.swift */ = {isa = PBXFileReference; lastKnownFileType = sourcecode.swift; path = main.swift; sourceTree = "<group>"; };
		F0D5971325681DCA0099ACAF /* bankAccountDefinition.fbs */ = {isa = PBXFileReference; fileEncoding = 4; lastKnownFileType = text; path = bankAccountDefinition.fbs; sourceTree = "<group>"; };
		F0D5971E256829EB0099ACAF /* bankAccountDefinition_generated.swift */ = {isa = PBXFileReference; lastKnownFileType = sourcecode.swift; name = bankAccountDefinition_generated.swift; path = /Users/joeharasz/Documents/Dev/FlatBufferExample/BankAccountSwift/BankAccountSwift/bankAccountDefinition_generated.swift; sourceTree = "<absolute>"; };
/* End PBXFileReference section */

/* Begin PBXFrameworksBuildPhase section */
		F0D5970025681CCE0099ACAF /* Frameworks */ = {
			isa = PBXFrameworksBuildPhase;
			buildActionMask = 2147483647;
			files = (
				F0D5971025681D390099ACAF /* FlatBuffers in Frameworks */,
			);
			runOnlyForDeploymentPostprocessing = 0;
		};
/* End PBXFrameworksBuildPhase section */

/* Begin PBXGroup section */
		F0D596FA25681CCE0099ACAF = {
			isa = PBXGroup;
			children = (
				F0D5970525681CCE0099ACAF /* BankAccountSwift */,
				F0D5970425681CCE0099ACAF /* Products */,
			);
			sourceTree = "<group>";
		};
		F0D5970425681CCE0099ACAF /* Products */ = {
			isa = PBXGroup;
			children = (
				F0D5970325681CCE0099ACAF /* BankAccountSwift */,
			);
			name = Products;
			sourceTree = "<group>";
		};
		F0D5970525681CCE0099ACAF /* BankAccountSwift */ = {
			isa = PBXGroup;
			children = (
				F0D5971E256829EB0099ACAF /* bankAccountDefinition_generated.swift */,
				F0D5971325681DCA0099ACAF /* bankAccountDefinition.fbs */,
				F0D5970625681CCE0099ACAF /* main.swift */,
			);
			path = BankAccountSwift;
			sourceTree = "<group>";
		};
/* End PBXGroup section */

/* Begin PBXNativeTarget section */
		F0D5970225681CCE0099ACAF /* BankAccountSwift */ = {
			isa = PBXNativeTarget;
			buildConfigurationList = F0D5970A25681CCE0099ACAF /* Build configuration list for PBXNativeTarget "BankAccountSwift" */;
			buildPhases = (
				F0D596FF25681CCE0099ACAF /* Sources */,
				F0D5970025681CCE0099ACAF /* Frameworks */,
				F0D5970125681CCE0099ACAF /* CopyFiles */,
			);
			buildRules = (
			);
			dependencies = (
			);
			name = BankAccountSwift;
			packageProductDependencies = (
				F0D5970F25681D390099ACAF /* FlatBuffers */,
			);
			productName = BankAccountSwift;
			productReference = F0D5970325681CCE0099ACAF /* BankAccountSwift */;
			productType = "com.apple.product-type.tool";
		};
/* End PBXNativeTarget section */

/* Begin PBXProject section */
		F0D596FB25681CCE0099ACAF /* Project object */ = {
			isa = PBXProject;
			attributes = {
				LastSwiftUpdateCheck = 1220;
				LastUpgradeCheck = 1220;
				TargetAttributes = {
					F0D5970225681CCE0099ACAF = {
						CreatedOnToolsVersion = 12.2;
					};
				};
			};
			buildConfigurationList = F0D596FE25681CCE0099ACAF /* Build configuration list for PBXProject "BankAccountSwift" */;
			compatibilityVersion = "Xcode 9.3";
			developmentRegion = en;
			hasScannedForEncodings = 0;
			knownRegions = (
				en,
				Base,
			);
			mainGroup = F0D596FA25681CCE0099ACAF;
			packageReferences = (
				F0D5970E25681D390099ACAF /* XCRemoteSwiftPackageReference "flatbuffers" */,
			);
			productRefGroup = F0D5970425681CCE0099ACAF /* Products */;
			projectDirPath = "";
			projectRoot = "";
			targets = (
				F0D5970225681CCE0099ACAF /* BankAccountSwift */,
			);
		};
/* End PBXProject section */

/* Begin PBXSourcesBuildPhase section */
		F0D596FF25681CCE0099ACAF /* Sources */ = {
			isa = PBXSourcesBuildPhase;
			buildActionMask = 2147483647;
			files = (
				F0D5971F256829EB0099ACAF /* bankAccountDefinition_generated.swift in Sources */,
				F0D5970725681CCE0099ACAF /* main.swift in Sources */,
			);
			runOnlyForDeploymentPostprocessing = 0;
		};
/* End PBXSourcesBuildPhase section */

/* Begin XCBuildConfiguration section */
		F0D5970825681CCE0099ACAF /* Debug */ = {
			isa = XCBuildConfiguration;
			buildSettings = {
				ALWAYS_SEARCH_USER_PATHS = NO;
				CLANG_ANALYZER_NONNULL = YES;
				CLANG_ANALYZER_NUMBER_OBJECT_CONVERSION = YES_AGGRESSIVE;
				CLANG_CXX_LANGUAGE_STANDARD = "gnu++14";
				CLANG_CXX_LIBRARY = "libc++";
				CLANG_ENABLE_MODULES = YES;
				CLANG_ENABLE_OBJC_ARC = YES;
				CLANG_ENABLE_OBJC_WEAK = YES;
				CLANG_WARN_BLOCK_CAPTURE_AUTORELEASING = YES;
				CLANG_WARN_BOOL_CONVERSION = YES;
				CLANG_WARN_COMMA = YES;
				CLANG_WARN_CONSTANT_CONVERSION = YES;
				CLANG_WARN_DEPRECATED_OBJC_IMPLEMENTATIONS = YES;
				CLANG_WARN_DIRECT_OBJC_ISA_USAGE = YES_ERROR;
				CLANG_WARN_DOCUMENTATION_COMMENTS = YES;
				CLANG_WARN_EMPTY_BODY = YES;
				CLANG_WARN_ENUM_CONVERSION = YES;
				CLANG_WARN_INFINITE_RECURSION = YES;
				CLANG_WARN_INT_CONVERSION = YES;
				CLANG_WARN_NON_LITERAL_NULL_CONVERSION = YES;
				CLANG_WARN_OBJC_IMPLICIT_RETAIN_SELF = YES;
				CLANG_WARN_OBJC_LITERAL_CONVERSION = YES;
				CLANG_WARN_OBJC_ROOT_CLASS = YES_ERROR;
				CLANG_WARN_QUOTED_INCLUDE_IN_FRAMEWORK_HEADER = YES;
				CLANG_WARN_RANGE_LOOP_ANALYSIS = YES;
				CLANG_WARN_STRICT_PROTOTYPES = YES;
				CLANG_WARN_SUSPICIOUS_MOVE = YES;
				CLANG_WARN_UNGUARDED_AVAILABILITY = YES_AGGRESSIVE;
				CLANG_WARN_UNREACHABLE_CODE = YES;
				CLANG_WARN__DUPLICATE_METHOD_MATCH = YES;
				COPY_PHASE_STRIP = NO;
				DEBUG_INFORMATION_FORMAT = dwarf;
				ENABLE_STRICT_OBJC_MSGSEND = YES;
				ENABLE_TESTABILITY = YES;
				GCC_C_LANGUAGE_STANDARD = gnu11;
				GCC_DYNAMIC_NO_PIC = NO;
				GCC_NO_COMMON_BLOCKS = YES;
				GCC_OPTIMIZATION_LEVEL = 0;
				GCC_PREPROCESSOR_DEFINITIONS = (
					"DEBUG=1",
					"$(inherited)",
				);
				GCC_WARN_64_TO_32_BIT_CONVERSION = YES;
				GCC_WARN_ABOUT_RETURN_TYPE = YES_ERROR;
				GCC_WARN_UNDECLARED_SELECTOR = YES;
				GCC_WARN_UNINITIALIZED_AUTOS = YES_AGGRESSIVE;
				GCC_WARN_UNUSED_FUNCTION = YES;
				GCC_WARN_UNUSED_VARIABLE = YES;
				MACOSX_DEPLOYMENT_TARGET = 10.15;
				MTL_ENABLE_DEBUG_INFO = INCLUDE_SOURCE;
				MTL_FAST_MATH = YES;
				ONLY_ACTIVE_ARCH = YES;
				SDKROOT = macosx;
				SWIFT_ACTIVE_COMPILATION_CONDITIONS = DEBUG;
				SWIFT_OPTIMIZATION_LEVEL = "-Onone";
				SWIFT_VERSION = 5.0;
			};
			name = Debug;
		};
		F0D5970925681CCE0099ACAF /* Release */ = {
			isa = XCBuildConfiguration;
			buildSettings = {
				ALWAYS_SEARCH_USER_PATHS = NO;
				CLANG_ANALYZER_NONNULL = YES;
				CLANG_ANALYZER_NUMBER_OBJECT_CONVERSION = YES_AGGRESSIVE;
				CLANG_CXX_LANGUAGE_STANDARD = "gnu++14";
				CLANG_CXX_LIBRARY = "libc++";
				CLANG_ENABLE_MODULES = YES;
				CLANG_ENABLE_OBJC_ARC = YES;
				CLANG_ENABLE_OBJC_WEAK = YES;
				CLANG_WARN_BLOCK_CAPTURE_AUTORELEASING = YES;
				CLANG_WARN_BOOL_CONVERSION = YES;
				CLANG_WARN_COMMA = YES;
				CLANG_WARN_CONSTANT_CONVERSION = YES;
				CLANG_WARN_DEPRECATED_OBJC_IMPLEMENTATIONS = YES;
				CLANG_WARN_DIRECT_OBJC_ISA_USAGE = YES_ERROR;
				CLANG_WARN_DOCUMENTATION_COMMENTS = YES;
				CLANG_WARN_EMPTY_BODY = YES;
				CLANG_WARN_ENUM_CONVERSION = YES;
				CLANG_WARN_INFINITE_RECURSION = YES;
				CLANG_WARN_INT_CONVERSION = YES;
				CLANG_WARN_NON_LITERAL_NULL_CONVERSION = YES;
				CLANG_WARN_OBJC_IMPLICIT_RETAIN_SELF = YES;
				CLANG_WARN_OBJC_LITERAL_CONVERSION = YES;
				CLANG_WARN_OBJC_ROOT_CLASS = YES_ERROR;
				CLANG_WARN_QUOTED_INCLUDE_IN_FRAMEWORK_HEADER = YES;
				CLANG_WARN_RANGE_LOOP_ANALYSIS = YES;
				CLANG_WARN_STRICT_PROTOTYPES = YES;
				CLANG_WARN_SUSPICIOUS_MOVE = YES;
				CLANG_WARN_UNGUARDED_AVAILABILITY = YES_AGGRESSIVE;
				CLANG_WARN_UNREACHABLE_CODE = YES;
				CLANG_WARN__DUPLICATE_METHOD_MATCH = YES;
				COPY_PHASE_STRIP = NO;
				DEBUG_INFORMATION_FORMAT = "dwarf-with-dsym";
				ENABLE_NS_ASSERTIONS = NO;
				ENABLE_STRICT_OBJC_MSGSEND = YES;
				GCC_C_LANGUAGE_STANDARD = gnu11;
				GCC_NO_COMMON_BLOCKS = YES;
				GCC_WARN_64_TO_32_BIT_CONVERSION = YES;
				GCC_WARN_ABOUT_RETURN_TYPE = YES_ERROR;
				GCC_WARN_UNDECLARED_SELECTOR = YES;
				GCC_WARN_UNINITIALIZED_AUTOS = YES_AGGRESSIVE;
				GCC_WARN_UNUSED_FUNCTION = YES;
				GCC_WARN_UNUSED_VARIABLE = YES;
				MACOSX_DEPLOYMENT_TARGET = 10.15;
				MTL_ENABLE_DEBUG_INFO = NO;
				MTL_FAST_MATH = YES;
				SDKROOT = macosx;
				SWIFT_COMPILATION_MODE = wholemodule;
				SWIFT_OPTIMIZATION_LEVEL = "-O";
				SWIFT_VERSION = 5.0;
			};
			name = Release;
		};
		F0D5970B25681CCE0099ACAF /* Debug */ = {
			isa = XCBuildConfiguration;
			buildSettings = {
				CODE_SIGN_STYLE = Automatic;
				PRODUCT_NAME = "$(TARGET_NAME)";
				SWIFT_VERSION = 5.0;
			};
			name = Debug;
		};
		F0D5970C25681CCE0099ACAF /* Release */ = {
			isa = XCBuildConfiguration;
			buildSettings = {
				CODE_SIGN_STYLE = Automatic;
				PRODUCT_NAME = "$(TARGET_NAME)";
				SWIFT_VERSION = 5.0;
			};
			name = Release;
		};
/* End XCBuildConfiguration section */

/* Begin XCConfigurationList section */
		F0D596FE25681CCE0099ACAF /* Build configuration list for PBXProject "BankAccountSwift" */ = {
			isa = XCConfigurationList;
			buildConfigurations = (
				F0D5970825681CCE0099ACAF /* Debug */,
				F0D5970925681CCE0099ACAF /* Release */,
			);
			defaultConfigurationIsVisible = 0;
			defaultConfigurationName = Release;
		};
		F0D5970A25681CCE0099ACAF /* Build configuration list for PBXNativeTarget "BankAccountSwift" */ = {
			isa = XCConfigurationList;
			buildConfigurations = (
				F0D5970B25681CCE0099ACAF /* Debug */,
				F0D5970C25681CCE0099ACAF /* Release */,
			);
			defaultConfigurationIsVisible = 0;
			defaultConfigurationName = Release;
		};
/* End XCConfigurationList section */

/* Begin XCRemoteSwiftPackageReference section */
		F0D5970E25681D390099ACAF /* XCRemoteSwiftPackageReference "flatbuffers" */ = {
			isa = XCRemoteSwiftPackageReference;
			repositoryURL = "https://github.com/mustiikhalil/flatbuffers.git";
			requirement = {
				branch = swift;
				kind = branch;
			};
		};
/* End XCRemoteSwiftPackageReference section */

/* Begin XCSwiftPackageProductDependency section */
		F0D5970F25681D390099ACAF /* FlatBuffers */ = {
			isa = XCSwiftPackageProductDependency;
			package = F0D5970E25681D390099ACAF /* XCRemoteSwiftPackageReference "flatbuffers" */;
			productName = FlatBuffers;
		};
/* End XCSwiftPackageProductDependency section */
	};
	rootObject = F0D596FB25681CCE0099ACAF /* Project object */;
}
